
Microsoft Visual Studio Solution File, Format Version 12.00
# Visual Studio 15
VisualStudioVersion = 15.0.28307.902
MinimumVisualStudioVersion = 10.0.40219.1
Project("{FAE04EC0-301F-11D3-BF4B-00C04F79EFBC}") = "ms-teams-bot", "ms-teams-bot\ms-teams-bot.csproj", "{A8F91827-1705-4175-91C4-F6235776B3B9}"
EndProject
Global
	GlobalSection(SolutionConfigurationPlatforms) = preSolution
		Debug|Any CPU = Debug|Any CPU
		Release|Any CPU = Release|Any CPU
	EndGlobalSection
	GlobalSection(ProjectConfigurationPlatforms) = postSolution
		{A8F91827-1705-4175-91C4-F6235776B3B9}.Debug|Any CPU.ActiveCfg = Debug|Any CPU
		{A8F91827-1705-4175-91C4-F6235776B3B9}.Debug|Any CPU.Build.0 = Debug|Any CPU
		{A8F91827-1705-4175-91C4-F6235776B3B9}.Release|Any CPU.ActiveCfg = Release|Any CPU
		{A8F91827-1705-4175-91C4-F6235776B3B9}.Release|Any CPU.Build.0 = Release|Any CPU
	EndGlobalSection
	GlobalSection(SolutionProperties) = preSolution
		HideSolutionNode = FALSE
	EndGlobalSection
	GlobalSection(ExtensibilityGlobals) = postSolution
		SolutionGuid = {26341BE6-9C6F-4DA4-A5DC-908614E284F0}
	EndGlobalSection
EndGlobal
